{
  "nodes": {
    "ebil": {
      "inputs": {
        "nixpkgs": [
          "nixpkgs"
        ]
      },
      "locked": {
        "lastModified": 1771533741,
        "narHash": "sha256-hOJb0C97c5ES4BGJIByqjE5FyPZg1eNrxVmVp4k5M40=",
        "ref": "refs/heads/main",
        "rev": "f7fe358c9b9506e1d9f80683b7225895d6ca22f0",
        "revCount": 13,
        "type": "git",
        "url": "https://codeberg.org/comfysage/ebil.git"
      },
      "original": {
        "type": "git",
        "url": "https://codeberg.org/comfysage/ebil.git"
      }
    },
    "nixpkgs": {
      "locked": {
        "lastModified": 1748792178,
        "narHash": "sha256-BHmgfHlCJVNisJShVaEmfDIr/Ip58i/4oFGlD1iK6lk=",
        "owner": "nixos",
        "repo": "nixpkgs",
        "rev": "5929de975bcf4c7c8d8b5ca65c8cd9ef9e44523e",
        "type": "github"
      },
      "original": {
        "owner": "nixos",
        "ref": "nixpkgs-unstable",
        "repo": "nixpkgs",
        "type": "github"
      }
    },
    "root": {
      "inputs": {
        "ebil": "ebil",
        "nixpkgs": "nixpkgs"
      }
    }
  },
  "root": "root",
  "version": 7
}
